{
    "version": 3,
    "terraform_version": "0.8.8",
    "serial": 14,
    "lineage": "411a9aba-df8a-47bc-9312-e206bcfcc9fd",
    "modules": [
        {
            "path": [
                "root"
            ],
            "outputs": {},
            "resources": {
                "google_compute_network.default": {
                    "type": "google_compute_network",
                    "depends_on": [],
                    "primary": {
                        "id": "docker-net",
                        "attributes": {
                            "auto_create_subnetworks": "true",
                            "gateway_ipv4": "",
                            "id": "docker-net",
                            "name": "docker-net",
                            "self_link": "https://www.googleapis.com/compute/v1/projects/trq1-161205/global/networks/docker-net"
                        },
                        "meta": {},
                        "tainted": false
                    },
                    "deposed": [],
                    "provider": ""
                }
            },
            "depends_on": []
        }
    ]
}
